
Microsoft Visual Studio Solution File, Format Version 12.00
# Visual Studio Version 17
VisualStudioVersion = 17.12.35527.113 d17.12
MinimumVisualStudioVersion = 10.0.40219.1
Project("{FAE04EC0-301F-11D3-BF4B-00C04F79EFBC}") = "IdentityService", "IdentityServer\IdentityService\IdentityService.csproj", "{29635DC3-83FD-433A-94A3-1E6F5D5C4A6F}"
EndProject
Project("{E53339B2-1760-4266-BCC7-CA923CBCF16C}") = "docker-compose", "docker-compose.dcproj", "{553CC6BA-B182-4046-9AD6-CA16ED1E68FB}"
EndProject
Global
	GlobalSection(SolutionConfigurationPlatforms) = preSolution
		Debug|Any CPU = Debug|Any CPU
		Release|Any CPU = Release|Any CPU
	EndGlobalSection
	GlobalSection(ProjectConfigurationPlatforms) = postSolution
		{29635DC3-83FD-433A-94A3-1E6F5D5C4A6F}.Debug|Any CPU.ActiveCfg = Debug|Any CPU
		{29635DC3-83FD-433A-94A3-1E6F5D5C4A6F}.Debug|Any CPU.Build.0 = Debug|Any CPU
		{29635DC3-83FD-433A-94A3-1E6F5D5C4A6F}.Release|Any CPU.ActiveCfg = Release|Any CPU
		{29635DC3-83FD-433A-94A3-1E6F5D5C4A6F}.Release|Any CPU.Build.0 = Release|Any CPU
		{553CC6BA-B182-4046-9AD6-CA16ED1E68FB}.Debug|Any CPU.ActiveCfg = Debug|Any CPU
		{553CC6BA-B182-4046-9AD6-CA16ED1E68FB}.Debug|Any CPU.Build.0 = Debug|Any CPU
		{553CC6BA-B182-4046-9AD6-CA16ED1E68FB}.Release|Any CPU.ActiveCfg = Release|Any CPU
		{553CC6BA-B182-4046-9AD6-CA16ED1E68FB}.Release|Any CPU.Build.0 = Release|Any CPU
	EndGlobalSection
	GlobalSection(SolutionProperties) = preSolution
		HideSolutionNode = FALSE
	EndGlobalSection
EndGlobal
